
Microsoft Visual Studio Solution File, Format Version 12.00
# Visual Studio Version 17
VisualStudioVersion = 17.14.36408.4 d17.14
MinimumVisualStudioVersion = 10.0.40219.1
Project("{FAE04EC0-301F-11D3-BF4B-00C04F79EFBC}") = "API", "API\API.csproj", "{068AA545-A3D8-4252-8DA7-B7A529EF44C3}"
EndProject
Project("{FAE04EC0-301F-11D3-BF4B-00C04F79EFBC}") = "Resources", "Resources\Resources.csproj", "{488AFBD5-2084-4E1F-86C6-19C5A763DCF7}"
EndProject
Project("{FAE04EC0-301F-11D3-BF4B-00C04F79EFBC}") = "Domains", "Domains\Domains.csproj", "{23E980B7-283D-4F31-83DD-0612F35DB80C}"
EndProject
Project("{FAE04EC0-301F-11D3-BF4B-00C04F79EFBC}") = "DAL", "DAL\DAL.csproj", "{CD431603-F805-4868-BEA4-084917F2EAC0}"
EndProject
Project("{FAE04EC0-301F-11D3-BF4B-00C04F79EFBC}") = "BL", "BL\BL.csproj", "{445F33EF-7EF7-4DAE-83C2-06B3EEB4AEB3}"
EndProject
Global
	GlobalSection(SolutionConfigurationPlatforms) = preSolution
		Debug|Any CPU = Debug|Any CPU
		Release|Any CPU = Release|Any CPU
	EndGlobalSection
	GlobalSection(ProjectConfigurationPlatforms) = postSolution
		{068AA545-A3D8-4252-8DA7-B7A529EF44C3}.Debug|Any CPU.ActiveCfg = Debug|Any CPU
		{068AA545-A3D8-4252-8DA7-B7A529EF44C3}.Debug|Any CPU.Build.0 = Debug|Any CPU
		{068AA545-A3D8-4252-8DA7-B7A529EF44C3}.Release|Any CPU.ActiveCfg = Release|Any CPU
		{068AA545-A3D8-4252-8DA7-B7A529EF44C3}.Release|Any CPU.Build.0 = Release|Any CPU
		{488AFBD5-2084-4E1F-86C6-19C5A763DCF7}.Debug|Any CPU.ActiveCfg = Debug|Any CPU
		{488AFBD5-2084-4E1F-86C6-19C5A763DCF7}.Debug|Any CPU.Build.0 = Debug|Any CPU
		{488AFBD5-2084-4E1F-86C6-19C5A763DCF7}.Release|Any CPU.ActiveCfg = Release|Any CPU
		{488AFBD5-2084-4E1F-86C6-19C5A763DCF7}.Release|Any CPU.Build.0 = Release|Any CPU
		{23E980B7-283D-4F31-83DD-0612F35DB80C}.Debug|Any CPU.ActiveCfg = Debug|Any CPU
		{23E980B7-283D-4F31-83DD-0612F35DB80C}.Debug|Any CPU.Build.0 = Debug|Any CPU
		{23E980B7-283D-4F31-83DD-0612F35DB80C}.Release|Any CPU.ActiveCfg = Release|Any CPU
		{23E980B7-283D-4F31-83DD-0612F35DB80C}.Release|Any CPU.Build.0 = Release|Any CPU
		{CD431603-F805-4868-BEA4-084917F2EAC0}.Debug|Any CPU.ActiveCfg = Debug|Any CPU
		{CD431603-F805-4868-BEA4-084917F2EAC0}.Debug|Any CPU.Build.0 = Debug|Any CPU
		{CD431603-F805-4868-BEA4-084917F2EAC0}.Release|Any CPU.ActiveCfg = Release|Any CPU
		{CD431603-F805-4868-BEA4-084917F2EAC0}.Release|Any CPU.Build.0 = Release|Any CPU
		{445F33EF-7EF7-4DAE-83C2-06B3EEB4AEB3}.Debug|Any CPU.ActiveCfg = Debug|Any CPU
		{445F33EF-7EF7-4DAE-83C2-06B3EEB4AEB3}.Debug|Any CPU.Build.0 = Debug|Any CPU
		{445F33EF-7EF7-4DAE-83C2-06B3EEB4AEB3}.Release|Any CPU.ActiveCfg = Release|Any CPU
		{445F33EF-7EF7-4DAE-83C2-06B3EEB4AEB3}.Release|Any CPU.Build.0 = Release|Any CPU
	EndGlobalSection
	GlobalSection(SolutionProperties) = preSolution
		HideSolutionNode = FALSE
	EndGlobalSection
	GlobalSection(ExtensibilityGlobals) = postSolution
		SolutionGuid = {6F1D7D72-4DA5-4A33-ACAB-12737F74277D}
	EndGlobalSection
EndGlobal
